// !$*UTF8*$!
{
	archiveVersion = 1;
	classes = {
	};
	objectVersion = 46;
	objects = {

/* Begin PBXBuildFile section */
		B1CC95351EA7F746009B7701 /* AppDelegate.swift in Sources */ = {isa = PBXBuildFile; fileRef = B1CC95341EA7F746009B7701 /* AppDelegate.swift */; };
		B1CC95371EA7F746009B7701 /* ViewController.swift in Sources */ = {isa = PBXBuildFile; fileRef = B1CC95361EA7F746009B7701 /* ViewController.swift */; };
		B1CC953A1EA7F746009B7701 /* Main.storyboard in Resources */ = {isa = PBXBuildFile; fileRef = B1CC95381EA7F746009B7701 /* Main.storyboard */; };
		B1CC953D1EA7F746009B7701 /* DoIt.xcdatamodeld in Sources */ = {isa = PBXBuildFile; fileRef = B1CC953B1EA7F746009B7701 /* DoIt.xcdatamodeld */; };
		B1CC953F1EA7F746009B7701 /* Assets.xcassets in Resources */ = {isa = PBXBuildFile; fileRef = B1CC953E1EA7F746009B7701 /* Assets.xcassets */; };
		B1CC95421EA7F746009B7701 /* LaunchScreen.storyboard in Resources */ = {isa = PBXBuildFile; fileRef = B1CC95401EA7F746009B7701 /* LaunchScreen.storyboard */; };
		B1CC954A1EA7FB37009B7701 /* Task.swift in Sources */ = {isa = PBXBuildFile; fileRef = B1CC95491EA7FB37009B7701 /* Task.swift */; };
		B1CC954C1EA80189009B7701 /* CreateTaskViewController.swift in Sources */ = {isa = PBXBuildFile; fileRef = B1CC954B1EA80189009B7701 /* CreateTaskViewController.swift */; };
/* End PBXBuildFile section */

/* Begin PBXFileReference section */
		B1CC95311EA7F746009B7701 /* DoIt.app */ = {isa = PBXFileReference; explicitFileType = wrapper.application; includeInIndex = 0; path = DoIt.app; sourceTree = BUILT_PRODUCTS_DIR; };
		B1CC95341EA7F746009B7701 /* AppDelegate.swift */ = {isa = PBXFileReference; lastKnownFileType = sourcecode.swift; path = AppDelegate.swift; sourceTree = "<group>"; };
		B1CC95361EA7F746009B7701 /* ViewController.swift */ = {isa = PBXFileReference; lastKnownFileType = sourcecode.swift; path = ViewController.swift; sourceTree = "<group>"; };
		B1CC95391EA7F746009B7701 /* Base */ = {isa = PBXFileReference; lastKnownFileType = file.storyboard; name = Base; path = Base.lproj/Main.storyboard; sourceTree = "<group>"; };
		B1CC953C1EA7F746009B7701 /* DoIt.xcdatamodel */ = {isa = PBXFileReference; lastKnownFileType = wrapper.xcdatamodel; path = DoIt.xcdatamodel; sourceTree = "<group>"; };
		B1CC953E1EA7F746009B7701 /* Assets.xcassets */ = {isa = PBXFileReference; lastKnownFileType = folder.assetcatalog; path = Assets.xcassets; sourceTree = "<group>"; };
		B1CC95411EA7F746009B7701 /* Base */ = {isa = PBXFileReference; lastKnownFileType = file.storyboard; name = Base; path = Base.lproj/LaunchScreen.storyboard; sourceTree = "<group>"; };
		B1CC95431EA7F746009B7701 /* Info.plist */ = {isa = PBXFileReference; lastKnownFileType = text.plist.xml; path = Info.plist; sourceTree = "<group>"; };
		B1CC95491EA7FB37009B7701 /* Task.swift */ = {isa = PBXFileReference; fileEncoding = 4; lastKnownFileType = sourcecode.swift; path = Task.swift; sourceTree = "<group>"; };
		B1CC954B1EA80189009B7701 /* CreateTaskViewController.swift */ = {isa = PBXFileReference; fileEncoding = 4; lastKnownFileType = sourcecode.swift; path = CreateTaskViewController.swift; sourceTree = "<group>"; };
/* End PBXFileReference section */

/* Begin PBXFrameworksBuildPhase section */
		B1CC952E1EA7F746009B7701 /* Frameworks */ = {
			isa = PBXFrameworksBuildPhase;
			buildActionMask = 2147483647;
			files = (
			);
			runOnlyForDeploymentPostprocessing = 0;
		};
/* End PBXFrameworksBuildPhase section */

/* Begin PBXGroup section */
		B1CC95281EA7F746009B7701 = {
			isa = PBXGroup;
			children = (
				B1CC95331EA7F746009B7701 /* DoIt */,
				B1CC95321EA7F746009B7701 /* Products */,
			);
			sourceTree = "<group>";
		};
		B1CC95321EA7F746009B7701 /* Products */ = {
			isa = PBXGroup;
			children = (
				B1CC95311EA7F746009B7701 /* DoIt.app */,
			);
			name = Products;
			sourceTree = "<group>";
		};
		B1CC95331EA7F746009B7701 /* DoIt */ = {
			isa = PBXGroup;
			children = (
				B1CC95341EA7F746009B7701 /* AppDelegate.swift */,
				B1CC95361EA7F746009B7701 /* ViewController.swift */,
				B1CC95491EA7FB37009B7701 /* Task.swift */,
				B1CC954B1EA80189009B7701 /* CreateTaskViewController.swift */,
				B1CC95381EA7F746009B7701 /* Main.storyboard */,
				B1CC953E1EA7F746009B7701 /* Assets.xcassets */,
				B1CC95401EA7F746009B7701 /* LaunchScreen.storyboard */,
				B1CC95431EA7F746009B7701 /* Info.plist */,
				B1CC953B1EA7F746009B7701 /* DoIt.xcdatamodeld */,
			);
			path = DoIt;
			sourceTree = "<group>";
		};
/* End PBXGroup section */

/* Begin PBXNativeTarget section */
		B1CC95301EA7F746009B7701 /* DoIt */ = {
			isa = PBXNativeTarget;
			buildConfigurationList = B1CC95461EA7F746009B7701 /* Build configuration list for PBXNativeTarget "DoIt" */;
			buildPhases = (
				B1CC952D1EA7F746009B7701 /* Sources */,
				B1CC952E1EA7F746009B7701 /* Frameworks */,
				B1CC952F1EA7F746009B7701 /* Resources */,
			);
			buildRules = (
			);
			dependencies = (
			);
			name = DoIt;
			productName = DoIt;
			productReference = B1CC95311EA7F746009B7701 /* DoIt.app */;
			productType = "com.apple.product-type.application";
		};
/* End PBXNativeTarget section */

/* Begin PBXProject section */
		B1CC95291EA7F746009B7701 /* Project object */ = {
			isa = PBXProject;
			attributes = {
				LastSwiftUpdateCheck = 0830;
				LastUpgradeCheck = 0830;
				ORGANIZATIONNAME = "Jordan Matthews";
				TargetAttributes = {
					B1CC95301EA7F746009B7701 = {
						CreatedOnToolsVersion = 8.3.1;
						ProvisioningStyle = Automatic;
					};
				};
			};
			buildConfigurationList = B1CC952C1EA7F746009B7701 /* Build configuration list for PBXProject "DoIt" */;
			compatibilityVersion = "Xcode 3.2";
			developmentRegion = English;
			hasScannedForEncodings = 0;
			knownRegions = (
				en,
				Base,
			);
			mainGroup = B1CC95281EA7F746009B7701;
			productRefGroup = B1CC95321EA7F746009B7701 /* Products */;
			projectDirPath = "";
			projectRoot = "";
			targets = (
				B1CC95301EA7F746009B7701 /* DoIt */,
			);
		};
/* End PBXProject section */

/* Begin PBXResourcesBuildPhase section */
		B1CC952F1EA7F746009B7701 /* Resources */ = {
			isa = PBXResourcesBuildPhase;
			buildActionMask = 2147483647;
			files = (
				B1CC95421EA7F746009B7701 /* LaunchScreen.storyboard in Resources */,
				B1CC953F1EA7F746009B7701 /* Assets.xcassets in Resources */,
				B1CC953A1EA7F746009B7701 /* Main.storyboard in Resources */,
			);
			runOnlyForDeploymentPostprocessing = 0;
		};
/* End PBXResourcesBuildPhase section */

/* Begin PBXSourcesBuildPhase section */
		B1CC952D1EA7F746009B7701 /* Sources */ = {
			isa = PBXSourcesBuildPhase;
			buildActionMask = 2147483647;
			files = (
				B1CC954A1EA7FB37009B7701 /* Task.swift in Sources */,
				B1CC953D1EA7F746009B7701 /* DoIt.xcdatamodeld in Sources */,
				B1CC954C1EA80189009B7701 /* CreateTaskViewController.swift in Sources */,
				B1CC95371EA7F746009B7701 /* ViewController.swift in Sources */,
				B1CC95351EA7F746009B7701 /* AppDelegate.swift in Sources */,
			);
			runOnlyForDeploymentPostprocessing = 0;
		};
/* End PBXSourcesBuildPhase section */

/* Begin PBXVariantGroup section */
		B1CC95381EA7F746009B7701 /* Main.storyboard */ = {
			isa = PBXVariantGroup;
			children = (
				B1CC95391EA7F746009B7701 /* Base */,
			);
			name = Main.storyboard;
			sourceTree = "<group>";
		};
		B1CC95401EA7F746009B7701 /* LaunchScreen.storyboard */ = {
			isa = PBXVariantGroup;
			children = (
				B1CC95411EA7F746009B7701 /* Base */,
			);
			name = LaunchScreen.storyboard;
			sourceTree = "<group>";
		};
/* End PBXVariantGroup section */

/* Begin XCBuildConfiguration section */
		B1CC95441EA7F746009B7701 /* Debug */ = {
			isa = XCBuildConfiguration;
			buildSettings = {
				ALWAYS_SEARCH_USER_PATHS = NO;
				CLANG_ANALYZER_NONNULL = YES;
				CLANG_ANALYZER_NUMBER_OBJECT_CONVERSION = YES_AGGRESSIVE;
				CLANG_CXX_LANGUAGE_STANDARD = "gnu++0x";
				CLANG_CXX_LIBRARY = "libc++";
				CLANG_ENABLE_MODULES = YES;
				CLANG_ENABLE_OBJC_ARC = YES;
				CLANG_WARN_BOOL_CONVERSION = YES;
				CLANG_WARN_CONSTANT_CONVERSION = YES;
				CLANG_WARN_DIRECT_OBJC_ISA_USAGE = YES_ERROR;
				CLANG_WARN_DOCUMENTATION_COMMENTS = YES;
				CLANG_WARN_EMPTY_BODY = YES;
				CLANG_WARN_ENUM_CONVERSION = YES;
				CLANG_WARN_INFINITE_RECURSION = YES;
				CLANG_WARN_INT_CONVERSION = YES;
				CLANG_WARN_OBJC_ROOT_CLASS = YES_ERROR;
				CLANG_WARN_SUSPICIOUS_MOVE = YES;
				CLANG_WARN_UNREACHABLE_CODE = YES;
				CLANG_WARN__DUPLICATE_METHOD_MATCH = YES;
				"CODE_SIGN_IDENTITY[sdk=iphoneos*]" = "iPhone Developer";
				COPY_PHASE_STRIP = NO;
				DEBUG_INFORMATION_FORMAT = dwarf;
				ENABLE_STRICT_OBJC_MSGSEND = YES;
				ENABLE_TESTABILITY = YES;
				GCC_C_LANGUAGE_STANDARD = gnu99;
				GCC_DYNAMIC_NO_PIC = NO;
				GCC_NO_COMMON_BLOCKS = YES;
				GCC_OPTIMIZATION_LEVEL = 0;
				GCC_PREPROCESSOR_DEFINITIONS = (
					"DEBUG=1",
					"$(inherited)",
				);
				GCC_WARN_64_TO_32_BIT_CONVERSION = YES;
				GCC_WARN_ABOUT_RETURN_TYPE = YES_ERROR;
				GCC_WARN_UNDECLARED_SELECTOR = YES;
				GCC_WARN_UNINITIALIZED_AUTOS = YES_AGGRESSIVE;
				GCC_WARN_UNUSED_FUNCTION = YES;
				GCC_WARN_UNUSED_VARIABLE = YES;
				IPHONEOS_DEPLOYMENT_TARGET = 10.3;
				MTL_ENABLE_DEBUG_INFO = YES;
				ONLY_ACTIVE_ARCH = YES;
				SDKROOT = iphoneos;
				SWIFT_ACTIVE_COMPILATION_CONDITIONS = DEBUG;
				SWIFT_OPTIMIZATION_LEVEL = "-Onone";
				TARGETED_DEVICE_FAMILY = "1,2";
			};
			name = Debug;
		};
		B1CC95451EA7F746009B7701 /* Release */ = {
			isa = XCBuildConfiguration;
			buildSettings = {
				ALWAYS_SEARCH_USER_PATHS = NO;
				CLANG_ANALYZER_NONNULL = YES;
				CLANG_ANALYZER_NUMBER_OBJECT_CONVERSION = YES_AGGRESSIVE;
				CLANG_CXX_LANGUAGE_STANDARD = "gnu++0x";
				CLANG_CXX_LIBRARY = "libc++";
				CLANG_ENABLE_MODULES = YES;
				CLANG_ENABLE_OBJC_ARC = YES;
				CLANG_WARN_BOOL_CONVERSION = YES;
				CLANG_WARN_CONSTANT_CONVERSION = YES;
				CLANG_WARN_DIRECT_OBJC_ISA_USAGE = YES_ERROR;
				CLANG_WARN_DOCUMENTATION_COMMENTS = YES;
				CLANG_WARN_EMPTY_BODY = YES;
				CLANG_WARN_ENUM_CONVERSION = YES;
				CLANG_WARN_INFINITE_RECURSION = YES;
				CLANG_WARN_INT_CONVERSION = YES;
				CLANG_WARN_OBJC_ROOT_CLASS = YES_ERROR;
				CLANG_WARN_SUSPICIOUS_MOVE = YES;
				CLANG_WARN_UNREACHABLE_CODE = YES;
				CLANG_WARN__DUPLICATE_METHOD_MATCH = YES;
				"CODE_SIGN_IDENTITY[sdk=iphoneos*]" = "iPhone Developer";
				COPY_PHASE_STRIP = NO;
				DEBUG_INFORMATION_FORMAT = "dwarf-with-dsym";
				ENABLE_NS_ASSERTIONS = NO;
				ENABLE_STRICT_OBJC_MSGSEND = YES;
				GCC_C_LANGUAGE_STANDARD = gnu99;
				GCC_NO_COMMON_BLOCKS = YES;
				GCC_WARN_64_TO_32_BIT_CONVERSION = YES;
				GCC_WARN_ABOUT_RETURN_TYPE = YES_ERROR;
				GCC_WARN_UNDECLARED_SELECTOR = YES;
				GCC_WARN_UNINITIALIZED_AUTOS = YES_AGGRESSIVE;
				GCC_WARN_UNUSED_FUNCTION = YES;
				GCC_WARN_UNUSED_VARIABLE = YES;
				IPHONEOS_DEPLOYMENT_TARGET = 10.3;
				MTL_ENABLE_DEBUG_INFO = NO;
				SDKROOT = iphoneos;
				SWIFT_OPTIMIZATION_LEVEL = "-Owholemodule";
				TARGETED_DEVICE_FAMILY = "1,2";
				VALIDATE_PRODUCT = YES;
			};
			name = Release;
		};
		B1CC95471EA7F746009B7701 /* Debug */ = {
			isa = XCBuildConfiguration;
			buildSettings = {
				ASSETCATALOG_COMPILER_APPICON_NAME = AppIcon;
				INFOPLIST_FILE = DoIt/Info.plist;
				LD_RUNPATH_SEARCH_PATHS = "$(inherited) @executable_path/Frameworks";
				PRODUCT_BUNDLE_IDENTIFIER = JMatt.DoIt;
				PRODUCT_NAME = "$(TARGET_NAME)";
				SWIFT_VERSION = 3.0;
			};
			name = Debug;
		};
		B1CC95481EA7F746009B7701 /* Release */ = {
			isa = XCBuildConfiguration;
			buildSettings = {
				ASSETCATALOG_COMPILER_APPICON_NAME = AppIcon;
				INFOPLIST_FILE = DoIt/Info.plist;
				LD_RUNPATH_SEARCH_PATHS = "$(inherited) @executable_path/Frameworks";
				PRODUCT_BUNDLE_IDENTIFIER = JMatt.DoIt;
				PRODUCT_NAME = "$(TARGET_NAME)";
				SWIFT_VERSION = 3.0;
			};
			name = Release;
		};
/* End XCBuildConfiguration section */

/* Begin XCConfigurationList section */
		B1CC952C1EA7F746009B7701 /* Build configuration list for PBXProject "DoIt" */ = {
			isa = XCConfigurationList;
			buildConfigurations = (
				B1CC95441EA7F746009B7701 /* Debug */,
				B1CC95451EA7F746009B7701 /* Release */,
			);
			defaultConfigurationIsVisible = 0;
			defaultConfigurationName = Release;
		};
		B1CC95461EA7F746009B7701 /* Build configuration list for PBXNativeTarget "DoIt" */ = {
			isa = XCConfigurationList;
			buildConfigurations = (
				B1CC95471EA7F746009B7701 /* Debug */,
				B1CC95481EA7F746009B7701 /* Release */,
			);
			defaultConfigurationIsVisible = 0;
		};
/* End XCConfigurationList section */

/* Begin XCVersionGroup section */
		B1CC953B1EA7F746009B7701 /* DoIt.xcdatamodeld */ = {
			isa = XCVersionGroup;
			children = (
				B1CC953C1EA7F746009B7701 /* DoIt.xcdatamodel */,
			);
			currentVersion = B1CC953C1EA7F746009B7701 /* DoIt.xcdatamodel */;
			path = DoIt.xcdatamodeld;
			sourceTree = "<group>";
			versionGroupType = wrapper.xcdatamodel;
		};
/* End XCVersionGroup section */
	};
	rootObject = B1CC95291EA7F746009B7701 /* Project object */;
}
